
Microsoft Visual Studio Solution File, Format Version 12.00
# Visual Studio Version 17
VisualStudioVersion = 17.9.34728.123
MinimumVisualStudioVersion = 10.0.40219.1
Project("{FAE04EC0-301F-11D3-BF4B-00C04F79EFBC}") = "MatchGame", "MatchGame\MatchGame.csproj", "{C3E168AB-A5D0-4ADA-A6CF-43D1B9B85E91}"
EndProject
Global
	GlobalSection(SolutionConfigurationPlatforms) = preSolution
		Debug|Any CPU = Debug|Any CPU
		Release|Any CPU = Release|Any CPU
	EndGlobalSection
	GlobalSection(ProjectConfigurationPlatforms) = postSolution
		{C3E168AB-A5D0-4ADA-A6CF-43D1B9B85E91}.Debug|Any CPU.ActiveCfg = Debug|Any CPU
		{C3E168AB-A5D0-4ADA-A6CF-43D1B9B85E91}.Debug|Any CPU.Build.0 = Debug|Any CPU
		{C3E168AB-A5D0-4ADA-A6CF-43D1B9B85E91}.Release|Any CPU.ActiveCfg = Release|Any CPU
		{C3E168AB-A5D0-4ADA-A6CF-43D1B9B85E91}.Release|Any CPU.Build.0 = Release|Any CPU
	EndGlobalSection
	GlobalSection(SolutionProperties) = preSolution
		HideSolutionNode = FALSE
	EndGlobalSection
	GlobalSection(ExtensibilityGlobals) = postSolution
		SolutionGuid = {45E52A26-18A3-414A-8A0F-18DB6FF1D7E6}
	EndGlobalSection
EndGlobal
